
Microsoft Visual Studio Solution File, Format Version 12.00
# Visual Studio 2013
VisualStudioVersion = 12.0.40629.0
MinimumVisualStudioVersion = 10.0.40219.1
Project("{2150E333-8FDC-42A3-9474-1A3956D46DE8}") = "Tests", "Tests", "{77FE1A71-173B-4AA8-82B2-2404528FD5D9}"
EndProject
Project("{FAE04EC0-301F-11D3-BF4B-00C04F79EFBC}") = "QucikApp", "QucikApp\QucikApp.csproj", "{A618E4AF-E705-4D30-9622-394B24881167}"
EndProject
Global
	GlobalSection(SolutionConfigurationPlatforms) = preSolution
		Debug|Any CPU = Debug|Any CPU
		Release|Any CPU = Release|Any CPU
	EndGlobalSection
	GlobalSection(ProjectConfigurationPlatforms) = postSolution
		{A618E4AF-E705-4D30-9622-394B24881167}.Debug|Any CPU.ActiveCfg = Debug|Any CPU
		{A618E4AF-E705-4D30-9622-394B24881167}.Debug|Any CPU.Build.0 = Debug|Any CPU
		{A618E4AF-E705-4D30-9622-394B24881167}.Release|Any CPU.ActiveCfg = Release|Any CPU
		{A618E4AF-E705-4D30-9622-394B24881167}.Release|Any CPU.Build.0 = Release|Any CPU
	EndGlobalSection
	GlobalSection(SolutionProperties) = preSolution
		HideSolutionNode = FALSE
	EndGlobalSection
EndGlobal
